// !$*UTF8*$!
{
	archiveVersion = 1;
	classes = {
	};
	objectVersion = 56;
	objects = {

/* Begin PBXBuildFile section */
		3D0F7D8A294721BB005E8C7E /* AppDelegate.swift in Sources */ = {isa = PBXBuildFile; fileRef = 3D0F7D89294721BB005E8C7E /* AppDelegate.swift */; };
		3D0F7D8C294721BB005E8C7E /* SceneDelegate.swift in Sources */ = {isa = PBXBuildFile; fileRef = 3D0F7D8B294721BB005E8C7E /* SceneDelegate.swift */; };
		3D0F7D8E294721BB005E8C7E /* ViewController.swift in Sources */ = {isa = PBXBuildFile; fileRef = 3D0F7D8D294721BB005E8C7E /* ViewController.swift */; };
		3D0F7D91294721BB005E8C7E /* Main.storyboard in Resources */ = {isa = PBXBuildFile; fileRef = 3D0F7D8F294721BB005E8C7E /* Main.storyboard */; };
		3D0F7D93294721BC005E8C7E /* Assets.xcassets in Resources */ = {isa = PBXBuildFile; fileRef = 3D0F7D92294721BC005E8C7E /* Assets.xcassets */; };
		3D0F7D96294721BC005E8C7E /* LaunchScreen.storyboard in Resources */ = {isa = PBXBuildFile; fileRef = 3D0F7D94294721BC005E8C7E /* LaunchScreen.storyboard */; };
		3D0F7DA1294721BC005E8C7E /* ErstiTests.swift in Sources */ = {isa = PBXBuildFile; fileRef = 3D0F7DA0294721BC005E8C7E /* ErstiTests.swift */; };
		3D0F7DAB294721BC005E8C7E /* ErstiUITests.swift in Sources */ = {isa = PBXBuildFile; fileRef = 3D0F7DAA294721BC005E8C7E /* ErstiUITests.swift */; };
		3D0F7DAD294721BC005E8C7E /* ErstiUITestsLaunchTests.swift in Sources */ = {isa = PBXBuildFile; fileRef = 3D0F7DAC294721BC005E8C7E /* ErstiUITestsLaunchTests.swift */; };
/* End PBXBuildFile section */

/* Begin PBXContainerItemProxy section */
		3D0F7D9D294721BC005E8C7E /* PBXContainerItemProxy */ = {
			isa = PBXContainerItemProxy;
			containerPortal = 3D0F7D7E294721BB005E8C7E /* Project object */;
			proxyType = 1;
			remoteGlobalIDString = 3D0F7D85294721BB005E8C7E;
			remoteInfo = Ersti;
		};
		3D0F7DA7294721BC005E8C7E /* PBXContainerItemProxy */ = {
			isa = PBXContainerItemProxy;
			containerPortal = 3D0F7D7E294721BB005E8C7E /* Project object */;
			proxyType = 1;
			remoteGlobalIDString = 3D0F7D85294721BB005E8C7E;
			remoteInfo = Ersti;
		};
/* End PBXContainerItemProxy section */

/* Begin PBXFileReference section */
		3D0F7D86294721BB005E8C7E /* Ersti.app */ = {isa = PBXFileReference; explicitFileType = wrapper.application; includeInIndex = 0; path = Ersti.app; sourceTree = BUILT_PRODUCTS_DIR; };
		3D0F7D89294721BB005E8C7E /* AppDelegate.swift */ = {isa = PBXFileReference; lastKnownFileType = sourcecode.swift; path = AppDelegate.swift; sourceTree = "<group>"; };
		3D0F7D8B294721BB005E8C7E /* SceneDelegate.swift */ = {isa = PBXFileReference; lastKnownFileType = sourcecode.swift; path = SceneDelegate.swift; sourceTree = "<group>"; };
		3D0F7D8D294721BB005E8C7E /* ViewController.swift */ = {isa = PBXFileReference; lastKnownFileType = sourcecode.swift; path = ViewController.swift; sourceTree = "<group>"; };
		3D0F7D90294721BB005E8C7E /* Base */ = {isa = PBXFileReference; lastKnownFileType = file.storyboard; name = Base; path = Base.lproj/Main.storyboard; sourceTree = "<group>"; };
		3D0F7D92294721BC005E8C7E /* Assets.xcassets */ = {isa = PBXFileReference; lastKnownFileType = folder.assetcatalog; path = Assets.xcassets; sourceTree = "<group>"; };
		3D0F7D95294721BC005E8C7E /* Base */ = {isa = PBXFileReference; lastKnownFileType = file.storyboard; name = Base; path = Base.lproj/LaunchScreen.storyboard; sourceTree = "<group>"; };
		3D0F7D97294721BC005E8C7E /* Info.plist */ = {isa = PBXFileReference; lastKnownFileType = text.plist.xml; path = Info.plist; sourceTree = "<group>"; };
		3D0F7D9C294721BC005E8C7E /* ErstiTests.xctest */ = {isa = PBXFileReference; explicitFileType = wrapper.cfbundle; includeInIndex = 0; path = ErstiTests.xctest; sourceTree = BUILT_PRODUCTS_DIR; };
		3D0F7DA0294721BC005E8C7E /* ErstiTests.swift */ = {isa = PBXFileReference; lastKnownFileType = sourcecode.swift; path = ErstiTests.swift; sourceTree = "<group>"; };
		3D0F7DA6294721BC005E8C7E /* ErstiUITests.xctest */ = {isa = PBXFileReference; explicitFileType = wrapper.cfbundle; includeInIndex = 0; path = ErstiUITests.xctest; sourceTree = BUILT_PRODUCTS_DIR; };
		3D0F7DAA294721BC005E8C7E /* ErstiUITests.swift */ = {isa = PBXFileReference; lastKnownFileType = sourcecode.swift; path = ErstiUITests.swift; sourceTree = "<group>"; };
		3D0F7DAC294721BC005E8C7E /* ErstiUITestsLaunchTests.swift */ = {isa = PBXFileReference; lastKnownFileType = sourcecode.swift; path = ErstiUITestsLaunchTests.swift; sourceTree = "<group>"; };
/* End PBXFileReference section */

/* Begin PBXFrameworksBuildPhase section */
		3D0F7D83294721BB005E8C7E /* Frameworks */ = {
			isa = PBXFrameworksBuildPhase;
			buildActionMask = 2147483647;
			files = (
			);
			runOnlyForDeploymentPostprocessing = 0;
		};
		3D0F7D99294721BC005E8C7E /* Frameworks */ = {
			isa = PBXFrameworksBuildPhase;
			buildActionMask = 2147483647;
			files = (
			);
			runOnlyForDeploymentPostprocessing = 0;
		};
		3D0F7DA3294721BC005E8C7E /* Frameworks */ = {
			isa = PBXFrameworksBuildPhase;
			buildActionMask = 2147483647;
			files = (
			);
			runOnlyForDeploymentPostprocessing = 0;
		};
/* End PBXFrameworksBuildPhase section */

/* Begin PBXGroup section */
		3D0F7D7D294721BB005E8C7E = {
			isa = PBXGroup;
			children = (
				3D0F7D88294721BB005E8C7E /* Ersti */,
				3D0F7D9F294721BC005E8C7E /* ErstiTests */,
				3D0F7DA9294721BC005E8C7E /* ErstiUITests */,
				3D0F7D87294721BB005E8C7E /* Products */,
			);
			sourceTree = "<group>";
		};
		3D0F7D87294721BB005E8C7E /* Products */ = {
			isa = PBXGroup;
			children = (
				3D0F7D86294721BB005E8C7E /* Ersti.app */,
				3D0F7D9C294721BC005E8C7E /* ErstiTests.xctest */,
				3D0F7DA6294721BC005E8C7E /* ErstiUITests.xctest */,
			);
			name = Products;
			sourceTree = "<group>";
		};
		3D0F7D88294721BB005E8C7E /* Ersti */ = {
			isa = PBXGroup;
			children = (
				3D0F7D89294721BB005E8C7E /* AppDelegate.swift */,
				3D0F7D8B294721BB005E8C7E /* SceneDelegate.swift */,
				3D0F7D8D294721BB005E8C7E /* ViewController.swift */,
				3D0F7D8F294721BB005E8C7E /* Main.storyboard */,
				3D0F7D92294721BC005E8C7E /* Assets.xcassets */,
				3D0F7D94294721BC005E8C7E /* LaunchScreen.storyboard */,
				3D0F7D97294721BC005E8C7E /* Info.plist */,
			);
			path = Ersti;
			sourceTree = "<group>";
		};
		3D0F7D9F294721BC005E8C7E /* ErstiTests */ = {
			isa = PBXGroup;
			children = (
				3D0F7DA0294721BC005E8C7E /* ErstiTests.swift */,
			);
			path = ErstiTests;
			sourceTree = "<group>";
		};
		3D0F7DA9294721BC005E8C7E /* ErstiUITests */ = {
			isa = PBXGroup;
			children = (
				3D0F7DAA294721BC005E8C7E /* ErstiUITests.swift */,
				3D0F7DAC294721BC005E8C7E /* ErstiUITestsLaunchTests.swift */,
			);
			path = ErstiUITests;
			sourceTree = "<group>";
		};
/* End PBXGroup section */

/* Begin PBXNativeTarget section */
		3D0F7D85294721BB005E8C7E /* Ersti */ = {
			isa = PBXNativeTarget;
			buildConfigurationList = 3D0F7DB0294721BC005E8C7E /* Build configuration list for PBXNativeTarget "Ersti" */;
			buildPhases = (
				3D0F7D82294721BB005E8C7E /* Sources */,
				3D0F7D83294721BB005E8C7E /* Frameworks */,
				3D0F7D84294721BB005E8C7E /* Resources */,
			);
			buildRules = (
			);
			dependencies = (
			);
			name = Ersti;
			productName = Ersti;
			productReference = 3D0F7D86294721BB005E8C7E /* Ersti.app */;
			productType = "com.apple.product-type.application";
		};
		3D0F7D9B294721BC005E8C7E /* ErstiTests */ = {
			isa = PBXNativeTarget;
			buildConfigurationList = 3D0F7DB3294721BC005E8C7E /* Build configuration list for PBXNativeTarget "ErstiTests" */;
			buildPhases = (
				3D0F7D98294721BC005E8C7E /* Sources */,
				3D0F7D99294721BC005E8C7E /* Frameworks */,
				3D0F7D9A294721BC005E8C7E /* Resources */,
			);
			buildRules = (
			);
			dependencies = (
				3D0F7D9E294721BC005E8C7E /* PBXTargetDependency */,
			);
			name = ErstiTests;
			productName = ErstiTests;
			productReference = 3D0F7D9C294721BC005E8C7E /* ErstiTests.xctest */;
			productType = "com.apple.product-type.bundle.unit-test";
		};
		3D0F7DA5294721BC005E8C7E /* ErstiUITests */ = {
			isa = PBXNativeTarget;
			buildConfigurationList = 3D0F7DB6294721BC005E8C7E /* Build configuration list for PBXNativeTarget "ErstiUITests" */;
			buildPhases = (
				3D0F7DA2294721BC005E8C7E /* Sources */,
				3D0F7DA3294721BC005E8C7E /* Frameworks */,
				3D0F7DA4294721BC005E8C7E /* Resources */,
			);
			buildRules = (
			);
			dependencies = (
				3D0F7DA8294721BC005E8C7E /* PBXTargetDependency */,
			);
			name = ErstiUITests;
			productName = ErstiUITests;
			productReference = 3D0F7DA6294721BC005E8C7E /* ErstiUITests.xctest */;
			productType = "com.apple.product-type.bundle.ui-testing";
		};
/* End PBXNativeTarget section */

/* Begin PBXProject section */
		3D0F7D7E294721BB005E8C7E /* Project object */ = {
			isa = PBXProject;
			attributes = {
				BuildIndependentTargetsInParallel = 1;
				LastSwiftUpdateCheck = 1410;
				LastUpgradeCheck = 1410;
				TargetAttributes = {
					3D0F7D85294721BB005E8C7E = {
						CreatedOnToolsVersion = 14.1;
					};
					3D0F7D9B294721BC005E8C7E = {
						CreatedOnToolsVersion = 14.1;
						TestTargetID = 3D0F7D85294721BB005E8C7E;
					};
					3D0F7DA5294721BC005E8C7E = {
						CreatedOnToolsVersion = 14.1;
						TestTargetID = 3D0F7D85294721BB005E8C7E;
					};
				};
			};
			buildConfigurationList = 3D0F7D81294721BB005E8C7E /* Build configuration list for PBXProject "Ersti" */;
			compatibilityVersion = "Xcode 14.0";
			developmentRegion = en;
			hasScannedForEncodings = 0;
			knownRegions = (
				en,
				Base,
			);
			mainGroup = 3D0F7D7D294721BB005E8C7E;
			productRefGroup = 3D0F7D87294721BB005E8C7E /* Products */;
			projectDirPath = "";
			projectRoot = "";
			targets = (
				3D0F7D85294721BB005E8C7E /* Ersti */,
				3D0F7D9B294721BC005E8C7E /* ErstiTests */,
				3D0F7DA5294721BC005E8C7E /* ErstiUITests */,
			);
		};
/* End PBXProject section */

/* Begin PBXResourcesBuildPhase section */
		3D0F7D84294721BB005E8C7E /* Resources */ = {
			isa = PBXResourcesBuildPhase;
			buildActionMask = 2147483647;
			files = (
				3D0F7D96294721BC005E8C7E /* LaunchScreen.storyboard in Resources */,
				3D0F7D93294721BC005E8C7E /* Assets.xcassets in Resources */,
				3D0F7D91294721BB005E8C7E /* Main.storyboard in Resources */,
			);
			runOnlyForDeploymentPostprocessing = 0;
		};
		3D0F7D9A294721BC005E8C7E /* Resources */ = {
			isa = PBXResourcesBuildPhase;
			buildActionMask = 2147483647;
			files = (
			);
			runOnlyForDeploymentPostprocessing = 0;
		};
		3D0F7DA4294721BC005E8C7E /* Resources */ = {
			isa = PBXResourcesBuildPhase;
			buildActionMask = 2147483647;
			files = (
			);
			runOnlyForDeploymentPostprocessing = 0;
		};
/* End PBXResourcesBuildPhase section */

/* Begin PBXSourcesBuildPhase section */
		3D0F7D82294721BB005E8C7E /* Sources */ = {
			isa = PBXSourcesBuildPhase;
			buildActionMask = 2147483647;
			files = (
				3D0F7D8E294721BB005E8C7E /* ViewController.swift in Sources */,
				3D0F7D8A294721BB005E8C7E /* AppDelegate.swift in Sources */,
				3D0F7D8C294721BB005E8C7E /* SceneDelegate.swift in Sources */,
			);
			runOnlyForDeploymentPostprocessing = 0;
		};
		3D0F7D98294721BC005E8C7E /* Sources */ = {
			isa = PBXSourcesBuildPhase;
			buildActionMask = 2147483647;
			files = (
				3D0F7DA1294721BC005E8C7E /* ErstiTests.swift in Sources */,
			);
			runOnlyForDeploymentPostprocessing = 0;
		};
		3D0F7DA2294721BC005E8C7E /* Sources */ = {
			isa = PBXSourcesBuildPhase;
			buildActionMask = 2147483647;
			files = (
				3D0F7DAD294721BC005E8C7E /* ErstiUITestsLaunchTests.swift in Sources */,
				3D0F7DAB294721BC005E8C7E /* ErstiUITests.swift in Sources */,
			);
			runOnlyForDeploymentPostprocessing = 0;
		};
/* End PBXSourcesBuildPhase section */

/* Begin PBXTargetDependency section */
		3D0F7D9E294721BC005E8C7E /* PBXTargetDependency */ = {
			isa = PBXTargetDependency;
			target = 3D0F7D85294721BB005E8C7E /* Ersti */;
			targetProxy = 3D0F7D9D294721BC005E8C7E /* PBXContainerItemProxy */;
		};
		3D0F7DA8294721BC005E8C7E /* PBXTargetDependency */ = {
			isa = PBXTargetDependency;
			target = 3D0F7D85294721BB005E8C7E /* Ersti */;
			targetProxy = 3D0F7DA7294721BC005E8C7E /* PBXContainerItemProxy */;
		};
/* End PBXTargetDependency section */

/* Begin PBXVariantGroup section */
		3D0F7D8F294721BB005E8C7E /* Main.storyboard */ = {
			isa = PBXVariantGroup;
			children = (
				3D0F7D90294721BB005E8C7E /* Base */,
			);
			name = Main.storyboard;
			sourceTree = "<group>";
		};
		3D0F7D94294721BC005E8C7E /* LaunchScreen.storyboard */ = {
			isa = PBXVariantGroup;
			children = (
				3D0F7D95294721BC005E8C7E /* Base */,
			);
			name = LaunchScreen.storyboard;
			sourceTree = "<group>";
		};
/* End PBXVariantGroup section */

/* Begin XCBuildConfiguration section */
		3D0F7DAE294721BC005E8C7E /* Debug */ = {
			isa = XCBuildConfiguration;
			buildSettings = {
				ALWAYS_SEARCH_USER_PATHS = NO;
				CLANG_ANALYZER_NONNULL = YES;
				CLANG_ANALYZER_NUMBER_OBJECT_CONVERSION = YES_AGGRESSIVE;
				CLANG_CXX_LANGUAGE_STANDARD = "gnu++20";
				CLANG_ENABLE_MODULES = YES;
				CLANG_ENABLE_OBJC_ARC = YES;
				CLANG_ENABLE_OBJC_WEAK = YES;
				CLANG_WARN_BLOCK_CAPTURE_AUTORELEASING = YES;
				CLANG_WARN_BOOL_CONVERSION = YES;
				CLANG_WARN_COMMA = YES;
				CLANG_WARN_CONSTANT_CONVERSION = YES;
				CLANG_WARN_DEPRECATED_OBJC_IMPLEMENTATIONS = YES;
				CLANG_WARN_DIRECT_OBJC_ISA_USAGE = YES_ERROR;
				CLANG_WARN_DOCUMENTATION_COMMENTS = YES;
				CLANG_WARN_EMPTY_BODY = YES;
				CLANG_WARN_ENUM_CONVERSION = YES;
				CLANG_WARN_INFINITE_RECURSION = YES;
				CLANG_WARN_INT_CONVERSION = YES;
				CLANG_WARN_NON_LITERAL_NULL_CONVERSION = YES;
				CLANG_WARN_OBJC_IMPLICIT_RETAIN_SELF = YES;
				CLANG_WARN_OBJC_LITERAL_CONVERSION = YES;
				CLANG_WARN_OBJC_ROOT_CLASS = YES_ERROR;
				CLANG_WARN_QUOTED_INCLUDE_IN_FRAMEWORK_HEADER = YES;
				CLANG_WARN_RANGE_LOOP_ANALYSIS = YES;
				CLANG_WARN_STRICT_PROTOTYPES = YES;
				CLANG_WARN_SUSPICIOUS_MOVE = YES;
				CLANG_WARN_UNGUARDED_AVAILABILITY = YES_AGGRESSIVE;
				CLANG_WARN_UNREACHABLE_CODE = YES;
				CLANG_WARN__DUPLICATE_METHOD_MATCH = YES;
				COPY_PHASE_STRIP = NO;
				DEBUG_INFORMATION_FORMAT = dwarf;
				ENABLE_STRICT_OBJC_MSGSEND = YES;
				ENABLE_TESTABILITY = YES;
				GCC_C_LANGUAGE_STANDARD = gnu11;
				GCC_DYNAMIC_NO_PIC = NO;
				GCC_NO_COMMON_BLOCKS = YES;
				GCC_OPTIMIZATION_LEVEL = 0;
				GCC_PREPROCESSOR_DEFINITIONS = (
					"DEBUG=1",
					"$(inherited)",
				);
				GCC_WARN_64_TO_32_BIT_CONVERSION = YES;
				GCC_WARN_ABOUT_RETURN_TYPE = YES_ERROR;
				GCC_WARN_UNDECLARED_SELECTOR = YES;
				GCC_WARN_UNINITIALIZED_AUTOS = YES_AGGRESSIVE;
				GCC_WARN_UNUSED_FUNCTION = YES;
				GCC_WARN_UNUSED_VARIABLE = YES;
				IPHONEOS_DEPLOYMENT_TARGET = 16.1;
				MTL_ENABLE_DEBUG_INFO = INCLUDE_SOURCE;
				MTL_FAST_MATH = YES;
				ONLY_ACTIVE_ARCH = YES;
				SDKROOT = iphoneos;
				SWIFT_ACTIVE_COMPILATION_CONDITIONS = DEBUG;
				SWIFT_OPTIMIZATION_LEVEL = "-Onone";
			};
			name = Debug;
		};
		3D0F7DAF294721BC005E8C7E /* Release */ = {
			isa = XCBuildConfiguration;
			buildSettings = {
				ALWAYS_SEARCH_USER_PATHS = NO;
				CLANG_ANALYZER_NONNULL = YES;
				CLANG_ANALYZER_NUMBER_OBJECT_CONVERSION = YES_AGGRESSIVE;
				CLANG_CXX_LANGUAGE_STANDARD = "gnu++20";
				CLANG_ENABLE_MODULES = YES;
				CLANG_ENABLE_OBJC_ARC = YES;
				CLANG_ENABLE_OBJC_WEAK = YES;
				CLANG_WARN_BLOCK_CAPTURE_AUTORELEASING = YES;
				CLANG_WARN_BOOL_CONVERSION = YES;
				CLANG_WARN_COMMA = YES;
				CLANG_WARN_CONSTANT_CONVERSION = YES;
				CLANG_WARN_DEPRECATED_OBJC_IMPLEMENTATIONS = YES;
				CLANG_WARN_DIRECT_OBJC_ISA_USAGE = YES_ERROR;
				CLANG_WARN_DOCUMENTATION_COMMENTS = YES;
				CLANG_WARN_EMPTY_BODY = YES;
				CLANG_WARN_ENUM_CONVERSION = YES;
				CLANG_WARN_INFINITE_RECURSION = YES;
				CLANG_WARN_INT_CONVERSION = YES;
				CLANG_WARN_NON_LITERAL_NULL_CONVERSION = YES;
				CLANG_WARN_OBJC_IMPLICIT_RETAIN_SELF = YES;
				CLANG_WARN_OBJC_LITERAL_CONVERSION = YES;
				CLANG_WARN_OBJC_ROOT_CLASS = YES_ERROR;
				CLANG_WARN_QUOTED_INCLUDE_IN_FRAMEWORK_HEADER = YES;
				CLANG_WARN_RANGE_LOOP_ANALYSIS = YES;
				CLANG_WARN_STRICT_PROTOTYPES = YES;
				CLANG_WARN_SUSPICIOUS_MOVE = YES;
				CLANG_WARN_UNGUARDED_AVAILABILITY = YES_AGGRESSIVE;
				CLANG_WARN_UNREACHABLE_CODE = YES;
				CLANG_WARN__DUPLICATE_METHOD_MATCH = YES;
				COPY_PHASE_STRIP = NO;
				DEBUG_INFORMATION_FORMAT = "dwarf-with-dsym";
				ENABLE_NS_ASSERTIONS = NO;
				ENABLE_STRICT_OBJC_MSGSEND = YES;
				GCC_C_LANGUAGE_STANDARD = gnu11;
				GCC_NO_COMMON_BLOCKS = YES;
				GCC_WARN_64_TO_32_BIT_CONVERSION = YES;
				GCC_WARN_ABOUT_RETURN_TYPE = YES_ERROR;
				GCC_WARN_UNDECLARED_SELECTOR = YES;
				GCC_WARN_UNINITIALIZED_AUTOS = YES_AGGRESSIVE;
				GCC_WARN_UNUSED_FUNCTION = YES;
				GCC_WARN_UNUSED_VARIABLE = YES;
				IPHONEOS_DEPLOYMENT_TARGET = 16.1;
				MTL_ENABLE_DEBUG_INFO = NO;
				MTL_FAST_MATH = YES;
				SDKROOT = iphoneos;
				SWIFT_COMPILATION_MODE = wholemodule;
				SWIFT_OPTIMIZATION_LEVEL = "-O";
				VALIDATE_PRODUCT = YES;
			};
			name = Release;
		};
		3D0F7DB1294721BC005E8C7E /* Debug */ = {
			isa = XCBuildConfiguration;
			buildSettings = {
				ASSETCATALOG_COMPILER_APPICON_NAME = AppIcon;
				ASSETCATALOG_COMPILER_GLOBAL_ACCENT_COLOR_NAME = AccentColor;
				CODE_SIGN_STYLE = Automatic;
				CURRENT_PROJECT_VERSION = 1;
				GENERATE_INFOPLIST_FILE = YES;
				INFOPLIST_FILE = Ersti/Info.plist;
				INFOPLIST_KEY_UIApplicationSupportsIndirectInputEvents = YES;
				INFOPLIST_KEY_UILaunchStoryboardName = LaunchScreen;
				INFOPLIST_KEY_UIMainStoryboardFile = Main;
				INFOPLIST_KEY_UISupportedInterfaceOrientations_iPad = "UIInterfaceOrientationPortrait UIInterfaceOrientationPortraitUpsideDown UIInterfaceOrientationLandscapeLeft UIInterfaceOrientationLandscapeRight";
				INFOPLIST_KEY_UISupportedInterfaceOrientations_iPhone = "UIInterfaceOrientationPortrait UIInterfaceOrientationLandscapeLeft UIInterfaceOrientationLandscapeRight";
				LD_RUNPATH_SEARCH_PATHS = (
					"$(inherited)",
					"@executable_path/Frameworks",
				);
				MARKETING_VERSION = 1.0;
				PRODUCT_BUNDLE_IDENTIFIER = de.jana.Ersti;
				PRODUCT_NAME = "$(TARGET_NAME)";
				SWIFT_EMIT_LOC_STRINGS = YES;
				SWIFT_VERSION = 5.0;
				TARGETED_DEVICE_FAMILY = "1,2";
			};
			name = Debug;
		};
		3D0F7DB2294721BC005E8C7E /* Release */ = {
			isa = XCBuildConfiguration;
			buildSettings = {
				ASSETCATALOG_COMPILER_APPICON_NAME = AppIcon;
				ASSETCATALOG_COMPILER_GLOBAL_ACCENT_COLOR_NAME = AccentColor;
				CODE_SIGN_STYLE = Automatic;
				CURRENT_PROJECT_VERSION = 1;
				GENERATE_INFOPLIST_FILE = YES;
				INFOPLIST_FILE = Ersti/Info.plist;
				INFOPLIST_KEY_UIApplicationSupportsIndirectInputEvents = YES;
				INFOPLIST_KEY_UILaunchStoryboardName = LaunchScreen;
				INFOPLIST_KEY_UIMainStoryboardFile = Main;
				INFOPLIST_KEY_UISupportedInterfaceOrientations_iPad = "UIInterfaceOrientationPortrait UIInterfaceOrientationPortraitUpsideDown UIInterfaceOrientationLandscapeLeft UIInterfaceOrientationLandscapeRight";
				INFOPLIST_KEY_UISupportedInterfaceOrientations_iPhone = "UIInterfaceOrientationPortrait UIInterfaceOrientationLandscapeLeft UIInterfaceOrientationLandscapeRight";
				LD_RUNPATH_SEARCH_PATHS = (
					"$(inherited)",
					"@executable_path/Frameworks",
				);
				MARKETING_VERSION = 1.0;
				PRODUCT_BUNDLE_IDENTIFIER = de.jana.Ersti;
				PRODUCT_NAME = "$(TARGET_NAME)";
				SWIFT_EMIT_LOC_STRINGS = YES;
				SWIFT_VERSION = 5.0;
				TARGETED_DEVICE_FAMILY = "1,2";
			};
			name = Release;
		};
		3D0F7DB4294721BC005E8C7E /* Debug */ = {
			isa = XCBuildConfiguration;
			buildSettings = {
				ALWAYS_EMBED_SWIFT_STANDARD_LIBRARIES = YES;
				BUNDLE_LOADER = "$(TEST_HOST)";
				CODE_SIGN_STYLE = Automatic;
				CURRENT_PROJECT_VERSION = 1;
				GENERATE_INFOPLIST_FILE = YES;
				IPHONEOS_DEPLOYMENT_TARGET = 16.1;
				MARKETING_VERSION = 1.0;
				PRODUCT_BUNDLE_IDENTIFIER = de.jana.ErstiTests;
				PRODUCT_NAME = "$(TARGET_NAME)";
				SWIFT_EMIT_LOC_STRINGS = NO;
				SWIFT_VERSION = 5.0;
				TARGETED_DEVICE_FAMILY = "1,2";
				TEST_HOST = "$(BUILT_PRODUCTS_DIR)/Ersti.app/$(BUNDLE_EXECUTABLE_FOLDER_PATH)/Ersti";
			};
			name = Debug;
		};
		3D0F7DB5294721BC005E8C7E /* Release */ = {
			isa = XCBuildConfiguration;
			buildSettings = {
				ALWAYS_EMBED_SWIFT_STANDARD_LIBRARIES = YES;
				BUNDLE_LOADER = "$(TEST_HOST)";
				CODE_SIGN_STYLE = Automatic;
				CURRENT_PROJECT_VERSION = 1;
				GENERATE_INFOPLIST_FILE = YES;
				IPHONEOS_DEPLOYMENT_TARGET = 16.1;
				MARKETING_VERSION = 1.0;
				PRODUCT_BUNDLE_IDENTIFIER = de.jana.ErstiTests;
				PRODUCT_NAME = "$(TARGET_NAME)";
				SWIFT_EMIT_LOC_STRINGS = NO;
				SWIFT_VERSION = 5.0;
				TARGETED_DEVICE_FAMILY = "1,2";
				TEST_HOST = "$(BUILT_PRODUCTS_DIR)/Ersti.app/$(BUNDLE_EXECUTABLE_FOLDER_PATH)/Ersti";
			};
			name = Release;
		};
		3D0F7DB7294721BC005E8C7E /* Debug */ = {
			isa = XCBuildConfiguration;
			buildSettings = {
				ALWAYS_EMBED_SWIFT_STANDARD_LIBRARIES = YES;
				CODE_SIGN_STYLE = Automatic;
				CURRENT_PROJECT_VERSION = 1;
				GENERATE_INFOPLIST_FILE = YES;
				MARKETING_VERSION = 1.0;
				PRODUCT_BUNDLE_IDENTIFIER = de.jana.ErstiUITests;
				PRODUCT_NAME = "$(TARGET_NAME)";
				SWIFT_EMIT_LOC_STRINGS = NO;
				SWIFT_VERSION = 5.0;
				TARGETED_DEVICE_FAMILY = "1,2";
				TEST_TARGET_NAME = Ersti;
			};
			name = Debug;
		};
		3D0F7DB8294721BC005E8C7E /* Release */ = {
			isa = XCBuildConfiguration;
			buildSettings = {
				ALWAYS_EMBED_SWIFT_STANDARD_LIBRARIES = YES;
				CODE_SIGN_STYLE = Automatic;
				CURRENT_PROJECT_VERSION = 1;
				GENERATE_INFOPLIST_FILE = YES;
				MARKETING_VERSION = 1.0;
				PRODUCT_BUNDLE_IDENTIFIER = de.jana.ErstiUITests;
				PRODUCT_NAME = "$(TARGET_NAME)";
				SWIFT_EMIT_LOC_STRINGS = NO;
				SWIFT_VERSION = 5.0;
				TARGETED_DEVICE_FAMILY = "1,2";
				TEST_TARGET_NAME = Ersti;
			};
			name = Release;
		};
/* End XCBuildConfiguration section */

/* Begin XCConfigurationList section */
		3D0F7D81294721BB005E8C7E /* Build configuration list for PBXProject "Ersti" */ = {
			isa = XCConfigurationList;
			buildConfigurations = (
				3D0F7DAE294721BC005E8C7E /* Debug */,
				3D0F7DAF294721BC005E8C7E /* Release */,
			);
			defaultConfigurationIsVisible = 0;
			defaultConfigurationName = Release;
		};
		3D0F7DB0294721BC005E8C7E /* Build configuration list for PBXNativeTarget "Ersti" */ = {
			isa = XCConfigurationList;
			buildConfigurations = (
				3D0F7DB1294721BC005E8C7E /* Debug */,
				3D0F7DB2294721BC005E8C7E /* Release */,
			);
			defaultConfigurationIsVisible = 0;
			defaultConfigurationName = Release;
		};
		3D0F7DB3294721BC005E8C7E /* Build configuration list for PBXNativeTarget "ErstiTests" */ = {
			isa = XCConfigurationList;
			buildConfigurations = (
				3D0F7DB4294721BC005E8C7E /* Debug */,
				3D0F7DB5294721BC005E8C7E /* Release */,
			);
			defaultConfigurationIsVisible = 0;
			defaultConfigurationName = Release;
		};
		3D0F7DB6294721BC005E8C7E /* Build configuration list for PBXNativeTarget "ErstiUITests" */ = {
			isa = XCConfigurationList;
			buildConfigurations = (
				3D0F7DB7294721BC005E8C7E /* Debug */,
				3D0F7DB8294721BC005E8C7E /* Release */,
			);
			defaultConfigurationIsVisible = 0;
			defaultConfigurationName = Release;
		};
/* End XCConfigurationList section */
	};
	rootObject = 3D0F7D7E294721BB005E8C7E /* Project object */;
}
